
Microsoft Visual Studio Solution File, Format Version 12.00
# Visual Studio 2012
VisualStudioVersion = 14.0.23107.0
MinimumVisualStudioVersion = 10.0.40219.1
Project("{D954291E-2A0B-460D-934E-DC6B0785DB48}") = "Xamarin_Part1", "Xamarin-Part1\Xamarin_Part1\Xamarin_Part1.shproj", "{2B02C30A-7027-4236-93C1-D33366EA3ABF}"
EndProject
Project("{FAE04EC0-301F-11D3-BF4B-00C04F79EFBC}") = "Xamarin_Part1.WinPhone", "Xamarin-Part1\Xamarin_Part1.WinPhone\Xamarin_Part1.WinPhone.csproj", "{76CC87E6-49A5-4FF0-BF7B-4426B488B3AB}"
EndProject
Project("{FAE04EC0-301F-11D3-BF4B-00C04F79EFBC}") = "Xamarin_Part1.iOS", "Xamarin-Part1\Xamarin_Part1.iOS\Xamarin_Part1.iOS.csproj", "{CB72B33B-45E7-44E0-8F0E-FBB2EB725B29}"
EndProject
Project("{FAE04EC0-301F-11D3-BF4B-00C04F79EFBC}") = "Xamarin_Part1.Droid", "Xamarin-Part1\Xamarin_Part1.Droid\Xamarin_Part1.Droid.csproj", "{E8348ECC-653C-44D1-A051-6D341FB30499}"
EndProject
Global
	GlobalSection(SolutionConfigurationPlatforms) = preSolution
		Ad-Hoc|Any CPU = Ad-Hoc|Any CPU
		Ad-Hoc|ARM = Ad-Hoc|ARM
		Ad-Hoc|iPhone = Ad-Hoc|iPhone
		Ad-Hoc|iPhoneSimulator = Ad-Hoc|iPhoneSimulator
		Ad-Hoc|x86 = Ad-Hoc|x86
		AppStore|Any CPU = AppStore|Any CPU
		AppStore|ARM = AppStore|ARM
		AppStore|iPhone = AppStore|iPhone
		AppStore|iPhoneSimulator = AppStore|iPhoneSimulator
		AppStore|x86 = AppStore|x86
		Debug|Any CPU = Debug|Any CPU
		Debug|ARM = Debug|ARM
		Debug|iPhone = Debug|iPhone
		Debug|iPhoneSimulator = Debug|iPhoneSimulator
		Debug|x86 = Debug|x86
		Release|Any CPU = Release|Any CPU
		Release|ARM = Release|ARM
		Release|iPhone = Release|iPhone
		Release|iPhoneSimulator = Release|iPhoneSimulator
		Release|x86 = Release|x86
	EndGlobalSection
	GlobalSection(ProjectConfigurationPlatforms) = postSolution
		{76CC87E6-49A5-4FF0-BF7B-4426B488B3AB}.Ad-Hoc|Any CPU.ActiveCfg = Release|Any CPU
		{76CC87E6-49A5-4FF0-BF7B-4426B488B3AB}.Ad-Hoc|Any CPU.Build.0 = Release|Any CPU
		{76CC87E6-49A5-4FF0-BF7B-4426B488B3AB}.Ad-Hoc|Any CPU.Deploy.0 = Release|Any CPU
		{76CC87E6-49A5-4FF0-BF7B-4426B488B3AB}.Ad-Hoc|ARM.ActiveCfg = Release|ARM
		{76CC87E6-49A5-4FF0-BF7B-4426B488B3AB}.Ad-Hoc|ARM.Build.0 = Release|ARM
		{76CC87E6-49A5-4FF0-BF7B-4426B488B3AB}.Ad-Hoc|ARM.Deploy.0 = Release|ARM
		{76CC87E6-49A5-4FF0-BF7B-4426B488B3AB}.Ad-Hoc|iPhone.ActiveCfg = Release|Any CPU
		{76CC87E6-49A5-4FF0-BF7B-4426B488B3AB}.Ad-Hoc|iPhone.Build.0 = Release|Any CPU
		{76CC87E6-49A5-4FF0-BF7B-4426B488B3AB}.Ad-Hoc|iPhone.Deploy.0 = Release|Any CPU
		{76CC87E6-49A5-4FF0-BF7B-4426B488B3AB}.Ad-Hoc|iPhoneSimulator.ActiveCfg = Release|Any CPU
		{76CC87E6-49A5-4FF0-BF7B-4426B488B3AB}.Ad-Hoc|iPhoneSimulator.Build.0 = Release|Any CPU
		{76CC87E6-49A5-4FF0-BF7B-4426B488B3AB}.Ad-Hoc|iPhoneSimulator.Deploy.0 = Release|Any CPU
		{76CC87E6-49A5-4FF0-BF7B-4426B488B3AB}.Ad-Hoc|x86.ActiveCfg = Release|x86
		{76CC87E6-49A5-4FF0-BF7B-4426B488B3AB}.Ad-Hoc|x86.Build.0 = Release|x86
		{76CC87E6-49A5-4FF0-BF7B-4426B488B3AB}.Ad-Hoc|x86.Deploy.0 = Release|x86
		{76CC87E6-49A5-4FF0-BF7B-4426B488B3AB}.AppStore|Any CPU.ActiveCfg = Release|Any CPU
		{76CC87E6-49A5-4FF0-BF7B-4426B488B3AB}.AppStore|Any CPU.Build.0 = Release|Any CPU
		{76CC87E6-49A5-4FF0-BF7B-4426B488B3AB}.AppStore|Any CPU.Deploy.0 = Release|Any CPU
		{76CC87E6-49A5-4FF0-BF7B-4426B488B3AB}.AppStore|ARM.ActiveCfg = Release|ARM
		{76CC87E6-49A5-4FF0-BF7B-4426B488B3AB}.AppStore|ARM.Build.0 = Release|ARM
		{76CC87E6-49A5-4FF0-BF7B-4426B488B3AB}.AppStore|ARM.Deploy.0 = Release|ARM
		{76CC87E6-49A5-4FF0-BF7B-4426B488B3AB}.AppStore|iPhone.ActiveCfg = Release|Any CPU
		{76CC87E6-49A5-4FF0-BF7B-4426B488B3AB}.AppStore|iPhone.Build.0 = Release|Any CPU
		{76CC87E6-49A5-4FF0-BF7B-4426B488B3AB}.AppStore|iPhone.Deploy.0 = Release|Any CPU
		{76CC87E6-49A5-4FF0-BF7B-4426B488B3AB}.AppStore|iPhoneSimulator.ActiveCfg = Release|Any CPU
		{76CC87E6-49A5-4FF0-BF7B-4426B488B3AB}.AppStore|iPhoneSimulator.Build.0 = Release|Any CPU
		{76CC87E6-49A5-4FF0-BF7B-4426B488B3AB}.AppStore|iPhoneSimulator.Deploy.0 = Release|Any CPU
		{76CC87E6-49A5-4FF0-BF7B-4426B488B3AB}.AppStore|x86.ActiveCfg = Release|x86
		{76CC87E6-49A5-4FF0-BF7B-4426B488B3AB}.AppStore|x86.Build.0 = Release|x86
		{76CC87E6-49A5-4FF0-BF7B-4426B488B3AB}.AppStore|x86.Deploy.0 = Release|x86
		{76CC87E6-49A5-4FF0-BF7B-4426B488B3AB}.Debug|Any CPU.ActiveCfg = Debug|Any CPU
		{76CC87E6-49A5-4FF0-BF7B-4426B488B3AB}.Debug|Any CPU.Build.0 = Debug|Any CPU
		{76CC87E6-49A5-4FF0-BF7B-4426B488B3AB}.Debug|Any CPU.Deploy.0 = Debug|Any CPU
		{76CC87E6-49A5-4FF0-BF7B-4426B488B3AB}.Debug|ARM.ActiveCfg = Debug|ARM
		{76CC87E6-49A5-4FF0-BF7B-4426B488B3AB}.Debug|ARM.Build.0 = Debug|ARM
		{76CC87E6-49A5-4FF0-BF7B-4426B488B3AB}.Debug|ARM.Deploy.0 = Debug|ARM
		{76CC87E6-49A5-4FF0-BF7B-4426B488B3AB}.Debug|iPhone.ActiveCfg = Debug|Any CPU
		{76CC87E6-49A5-4FF0-BF7B-4426B488B3AB}.Debug|iPhone.Build.0 = Debug|Any CPU
		{76CC87E6-49A5-4FF0-BF7B-4426B488B3AB}.Debug|iPhone.Deploy.0 = Debug|Any CPU
		{76CC87E6-49A5-4FF0-BF7B-4426B488B3AB}.Debug|iPhoneSimulator.ActiveCfg = Debug|Any CPU
		{76CC87E6-49A5-4FF0-BF7B-4426B488B3AB}.Debug|iPhoneSimulator.Build.0 = Debug|Any CPU
		{76CC87E6-49A5-4FF0-BF7B-4426B488B3AB}.Debug|iPhoneSimulator.Deploy.0 = Debug|Any CPU
		{76CC87E6-49A5-4FF0-BF7B-4426B488B3AB}.Debug|x86.ActiveCfg = Debug|x86
		{76CC87E6-49A5-4FF0-BF7B-4426B488B3AB}.Debug|x86.Build.0 = Debug|x86
		{76CC87E6-49A5-4FF0-BF7B-4426B488B3AB}.Debug|x86.Deploy.0 = Debug|x86
		{76CC87E6-49A5-4FF0-BF7B-4426B488B3AB}.Release|Any CPU.ActiveCfg = Release|Any CPU
		{76CC87E6-49A5-4FF0-BF7B-4426B488B3AB}.Release|Any CPU.Build.0 = Release|Any CPU
		{76CC87E6-49A5-4FF0-BF7B-4426B488B3AB}.Release|Any CPU.Deploy.0 = Release|Any CPU
		{76CC87E6-49A5-4FF0-BF7B-4426B488B3AB}.Release|ARM.ActiveCfg = Release|ARM
		{76CC87E6-49A5-4FF0-BF7B-4426B488B3AB}.Release|ARM.Build.0 = Release|ARM
		{76CC87E6-49A5-4FF0-BF7B-4426B488B3AB}.Release|ARM.Deploy.0 = Release|ARM
		{76CC87E6-49A5-4FF0-BF7B-4426B488B3AB}.Release|iPhone.ActiveCfg = Release|Any CPU
		{76CC87E6-49A5-4FF0-BF7B-4426B488B3AB}.Release|iPhone.Build.0 = Release|Any CPU
		{76CC87E6-49A5-4FF0-BF7B-4426B488B3AB}.Release|iPhone.Deploy.0 = Release|Any CPU
		{76CC87E6-49A5-4FF0-BF7B-4426B488B3AB}.Release|iPhoneSimulator.ActiveCfg = Release|Any CPU
		{76CC87E6-49A5-4FF0-BF7B-4426B488B3AB}.Release|iPhoneSimulator.Build.0 = Release|Any CPU
		{76CC87E6-49A5-4FF0-BF7B-4426B488B3AB}.Release|iPhoneSimulator.Deploy.0 = Release|Any CPU
		{76CC87E6-49A5-4FF0-BF7B-4426B488B3AB}.Release|x86.ActiveCfg = Release|x86
		{76CC87E6-49A5-4FF0-BF7B-4426B488B3AB}.Release|x86.Build.0 = Release|x86
		{76CC87E6-49A5-4FF0-BF7B-4426B488B3AB}.Release|x86.Deploy.0 = Release|x86
		{CB72B33B-45E7-44E0-8F0E-FBB2EB725B29}.Ad-Hoc|Any CPU.ActiveCfg = Ad-Hoc|iPhone
		{CB72B33B-45E7-44E0-8F0E-FBB2EB725B29}.Ad-Hoc|ARM.ActiveCfg = Ad-Hoc|iPhone
		{CB72B33B-45E7-44E0-8F0E-FBB2EB725B29}.Ad-Hoc|iPhone.ActiveCfg = Ad-Hoc|iPhone
		{CB72B33B-45E7-44E0-8F0E-FBB2EB725B29}.Ad-Hoc|iPhone.Build.0 = Ad-Hoc|iPhone
		{CB72B33B-45E7-44E0-8F0E-FBB2EB725B29}.Ad-Hoc|iPhoneSimulator.ActiveCfg = Ad-Hoc|iPhoneSimulator
		{CB72B33B-45E7-44E0-8F0E-FBB2EB725B29}.Ad-Hoc|iPhoneSimulator.Build.0 = Ad-Hoc|iPhoneSimulator
		{CB72B33B-45E7-44E0-8F0E-FBB2EB725B29}.Ad-Hoc|x86.ActiveCfg = Ad-Hoc|iPhone
		{CB72B33B-45E7-44E0-8F0E-FBB2EB725B29}.AppStore|Any CPU.ActiveCfg = AppStore|iPhone
		{CB72B33B-45E7-44E0-8F0E-FBB2EB725B29}.AppStore|ARM.ActiveCfg = AppStore|iPhone
		{CB72B33B-45E7-44E0-8F0E-FBB2EB725B29}.AppStore|iPhone.ActiveCfg = AppStore|iPhone
		{CB72B33B-45E7-44E0-8F0E-FBB2EB725B29}.AppStore|iPhone.Build.0 = AppStore|iPhone
		{CB72B33B-45E7-44E0-8F0E-FBB2EB725B29}.AppStore|iPhoneSimulator.ActiveCfg = AppStore|iPhoneSimulator
		{CB72B33B-45E7-44E0-8F0E-FBB2EB725B29}.AppStore|iPhoneSimulator.Build.0 = AppStore|iPhoneSimulator
		{CB72B33B-45E7-44E0-8F0E-FBB2EB725B29}.AppStore|x86.ActiveCfg = AppStore|iPhone
		{CB72B33B-45E7-44E0-8F0E-FBB2EB725B29}.Debug|Any CPU.ActiveCfg = Debug|iPhoneSimulator
		{CB72B33B-45E7-44E0-8F0E-FBB2EB725B29}.Debug|Any CPU.Build.0 = Debug|iPhoneSimulator
		{CB72B33B-45E7-44E0-8F0E-FBB2EB725B29}.Debug|ARM.ActiveCfg = Debug|iPhone
		{CB72B33B-45E7-44E0-8F0E-FBB2EB725B29}.Debug|iPhone.ActiveCfg = Debug|iPhone
		{CB72B33B-45E7-44E0-8F0E-FBB2EB725B29}.Debug|iPhone.Build.0 = Debug|iPhone
		{CB72B33B-45E7-44E0-8F0E-FBB2EB725B29}.Debug|iPhoneSimulator.ActiveCfg = Debug|iPhoneSimulator
		{CB72B33B-45E7-44E0-8F0E-FBB2EB725B29}.Debug|iPhoneSimulator.Build.0 = Debug|iPhoneSimulator
		{CB72B33B-45E7-44E0-8F0E-FBB2EB725B29}.Debug|x86.ActiveCfg = Debug|iPhone
		{CB72B33B-45E7-44E0-8F0E-FBB2EB725B29}.Release|Any CPU.ActiveCfg = Release|iPhone
		{CB72B33B-45E7-44E0-8F0E-FBB2EB725B29}.Release|ARM.ActiveCfg = Release|iPhone
		{CB72B33B-45E7-44E0-8F0E-FBB2EB725B29}.Release|iPhone.ActiveCfg = Release|iPhone
		{CB72B33B-45E7-44E0-8F0E-FBB2EB725B29}.Release|iPhone.Build.0 = Release|iPhone
		{CB72B33B-45E7-44E0-8F0E-FBB2EB725B29}.Release|iPhoneSimulator.ActiveCfg = Release|iPhoneSimulator
		{CB72B33B-45E7-44E0-8F0E-FBB2EB725B29}.Release|iPhoneSimulator.Build.0 = Release|iPhoneSimulator
		{CB72B33B-45E7-44E0-8F0E-FBB2EB725B29}.Release|x86.ActiveCfg = Release|iPhone
		{E8348ECC-653C-44D1-A051-6D341FB30499}.Ad-Hoc|Any CPU.ActiveCfg = Release|Any CPU
		{E8348ECC-653C-44D1-A051-6D341FB30499}.Ad-Hoc|Any CPU.Build.0 = Release|Any CPU
		{E8348ECC-653C-44D1-A051-6D341FB30499}.Ad-Hoc|Any CPU.Deploy.0 = Release|Any CPU
		{E8348ECC-653C-44D1-A051-6D341FB30499}.Ad-Hoc|ARM.ActiveCfg = Release|Any CPU
		{E8348ECC-653C-44D1-A051-6D341FB30499}.Ad-Hoc|ARM.Build.0 = Release|Any CPU
		{E8348ECC-653C-44D1-A051-6D341FB30499}.Ad-Hoc|ARM.Deploy.0 = Release|Any CPU
		{E8348ECC-653C-44D1-A051-6D341FB30499}.Ad-Hoc|iPhone.ActiveCfg = Release|Any CPU
		{E8348ECC-653C-44D1-A051-6D341FB30499}.Ad-Hoc|iPhone.Build.0 = Release|Any CPU
		{E8348ECC-653C-44D1-A051-6D341FB30499}.Ad-Hoc|iPhone.Deploy.0 = Release|Any CPU
		{E8348ECC-653C-44D1-A051-6D341FB30499}.Ad-Hoc|iPhoneSimulator.ActiveCfg = Release|Any CPU
		{E8348ECC-653C-44D1-A051-6D341FB30499}.Ad-Hoc|iPhoneSimulator.Build.0 = Release|Any CPU
		{E8348ECC-653C-44D1-A051-6D341FB30499}.Ad-Hoc|iPhoneSimulator.Deploy.0 = Release|Any CPU
		{E8348ECC-653C-44D1-A051-6D341FB30499}.Ad-Hoc|x86.ActiveCfg = Release|Any CPU
		{E8348ECC-653C-44D1-A051-6D341FB30499}.Ad-Hoc|x86.Build.0 = Release|Any CPU
		{E8348ECC-653C-44D1-A051-6D341FB30499}.Ad-Hoc|x86.Deploy.0 = Release|Any CPU
		{E8348ECC-653C-44D1-A051-6D341FB30499}.AppStore|Any CPU.ActiveCfg = Release|Any CPU
		{E8348ECC-653C-44D1-A051-6D341FB30499}.AppStore|Any CPU.Build.0 = Release|Any CPU
		{E8348ECC-653C-44D1-A051-6D341FB30499}.AppStore|Any CPU.Deploy.0 = Release|Any CPU
		{E8348ECC-653C-44D1-A051-6D341FB30499}.AppStore|ARM.ActiveCfg = Release|Any CPU
		{E8348ECC-653C-44D1-A051-6D341FB30499}.AppStore|ARM.Build.0 = Release|Any CPU
		{E8348ECC-653C-44D1-A051-6D341FB30499}.AppStore|ARM.Deploy.0 = Release|Any CPU
		{E8348ECC-653C-44D1-A051-6D341FB30499}.AppStore|iPhone.ActiveCfg = Release|Any CPU
		{E8348ECC-653C-44D1-A051-6D341FB30499}.AppStore|iPhone.Build.0 = Release|Any CPU
		{E8348ECC-653C-44D1-A051-6D341FB30499}.AppStore|iPhone.Deploy.0 = Release|Any CPU
		{E8348ECC-653C-44D1-A051-6D341FB30499}.AppStore|iPhoneSimulator.ActiveCfg = Release|Any CPU
		{E8348ECC-653C-44D1-A051-6D341FB30499}.AppStore|iPhoneSimulator.Build.0 = Release|Any CPU
		{E8348ECC-653C-44D1-A051-6D341FB30499}.AppStore|iPhoneSimulator.Deploy.0 = Release|Any CPU
		{E8348ECC-653C-44D1-A051-6D341FB30499}.AppStore|x86.ActiveCfg = Release|Any CPU
		{E8348ECC-653C-44D1-A051-6D341FB30499}.AppStore|x86.Build.0 = Release|Any CPU
		{E8348ECC-653C-44D1-A051-6D341FB30499}.AppStore|x86.Deploy.0 = Release|Any CPU
		{E8348ECC-653C-44D1-A051-6D341FB30499}.Debug|Any CPU.ActiveCfg = Debug|Any CPU
		{E8348ECC-653C-44D1-A051-6D341FB30499}.Debug|Any CPU.Build.0 = Debug|Any CPU
		{E8348ECC-653C-44D1-A051-6D341FB30499}.Debug|Any CPU.Deploy.0 = Debug|Any CPU
		{E8348ECC-653C-44D1-A051-6D341FB30499}.Debug|ARM.ActiveCfg = Debug|Any CPU
		{E8348ECC-653C-44D1-A051-6D341FB30499}.Debug|ARM.Build.0 = Debug|Any CPU
		{E8348ECC-653C-44D1-A051-6D341FB30499}.Debug|ARM.Deploy.0 = Debug|Any CPU
		{E8348ECC-653C-44D1-A051-6D341FB30499}.Debug|iPhone.ActiveCfg = Debug|Any CPU
		{E8348ECC-653C-44D1-A051-6D341FB30499}.Debug|iPhone.Build.0 = Debug|Any CPU
		{E8348ECC-653C-44D1-A051-6D341FB30499}.Debug|iPhone.Deploy.0 = Debug|Any CPU
		{E8348ECC-653C-44D1-A051-6D341FB30499}.Debug|iPhoneSimulator.ActiveCfg = Debug|Any CPU
		{E8348ECC-653C-44D1-A051-6D341FB30499}.Debug|iPhoneSimulator.Build.0 = Debug|Any CPU
		{E8348ECC-653C-44D1-A051-6D341FB30499}.Debug|iPhoneSimulator.Deploy.0 = Debug|Any CPU
		{E8348ECC-653C-44D1-A051-6D341FB30499}.Debug|x86.ActiveCfg = Debug|Any CPU
		{E8348ECC-653C-44D1-A051-6D341FB30499}.Debug|x86.Build.0 = Debug|Any CPU
		{E8348ECC-653C-44D1-A051-6D341FB30499}.Debug|x86.Deploy.0 = Debug|Any CPU
		{E8348ECC-653C-44D1-A051-6D341FB30499}.Release|Any CPU.ActiveCfg = Release|Any CPU
		{E8348ECC-653C-44D1-A051-6D341FB30499}.Release|Any CPU.Build.0 = Release|Any CPU
		{E8348ECC-653C-44D1-A051-6D341FB30499}.Release|Any CPU.Deploy.0 = Release|Any CPU
		{E8348ECC-653C-44D1-A051-6D341FB30499}.Release|ARM.ActiveCfg = Release|Any CPU
		{E8348ECC-653C-44D1-A051-6D341FB30499}.Release|ARM.Build.0 = Release|Any CPU
		{E8348ECC-653C-44D1-A051-6D341FB30499}.Release|ARM.Deploy.0 = Release|Any CPU
		{E8348ECC-653C-44D1-A051-6D341FB30499}.Release|iPhone.ActiveCfg = Release|Any CPU
		{E8348ECC-653C-44D1-A051-6D341FB30499}.Release|iPhone.Build.0 = Release|Any CPU
		{E8348ECC-653C-44D1-A051-6D341FB30499}.Release|iPhone.Deploy.0 = Release|Any CPU
		{E8348ECC-653C-44D1-A051-6D341FB30499}.Release|iPhoneSimulator.ActiveCfg = Release|Any CPU
		{E8348ECC-653C-44D1-A051-6D341FB30499}.Release|iPhoneSimulator.Build.0 = Release|Any CPU
		{E8348ECC-653C-44D1-A051-6D341FB30499}.Release|iPhoneSimulator.Deploy.0 = Release|Any CPU
		{E8348ECC-653C-44D1-A051-6D341FB30499}.Release|x86.ActiveCfg = Release|Any CPU
		{E8348ECC-653C-44D1-A051-6D341FB30499}.Release|x86.Build.0 = Release|Any CPU
		{E8348ECC-653C-44D1-A051-6D341FB30499}.Release|x86.Deploy.0 = Release|Any CPU
	EndGlobalSection
	GlobalSection(SharedMSBuildProjectFiles) = preSolution
		Xamarin-Part1\Xamarin_Part1\Xamarin_Part1.projitems*{2b02c30a-7027-4236-93c1-d33366ea3abf}*SharedItemsImports = 13
		Xamarin-Part1\Xamarin_Part1\Xamarin_Part1.projitems*{e8348ecc-653c-44d1-a051-6d341fb30499}*SharedItemsImports = 4
		Xamarin-Part1\Xamarin_Part1\Xamarin_Part1.projitems*{cb72b33b-45e7-44e0-8f0e-fbb2eb725b29}*SharedItemsImports = 4
		Xamarin-Part1\Xamarin_Part1\Xamarin_Part1.projitems*{76cc87e6-49a5-4ff0-bf7b-4426b488b3ab}*SharedItemsImports = 4
	EndGlobalSection
	GlobalSection(SolutionProperties) = preSolution
		HideSolutionNode = FALSE
	EndGlobalSection
EndGlobal
