
Microsoft Visual Studio Solution File, Format Version 12.00
# Visual Studio 2012
Project("{D954291E-2A0B-460D-934E-DC6B0785DB48}") = "MobileAppAuthentication", "MobileAppAuthentication\MobileAppAuthentication.shproj", "{13654DA8-BA73-45BE-A8AF-38DECD66F47B}"
EndProject
Project("{FAE04EC0-301F-11D3-BF4B-00C04F79EFBC}") = "MobileAppAuthentication.iOS", "iOS\MobileAppAuthentication.iOS.csproj", "{ECB1FD02-D841-45B6-A5C9-F80C5CFD5D03}"
EndProject
Project("{FAE04EC0-301F-11D3-BF4B-00C04F79EFBC}") = "MobileAppAuthentication.Droid", "Droid\MobileAppAuthentication.Droid.csproj", "{A3053AD5-903A-4389-A10E-7F2899BB9B24}"
EndProject
Global
	GlobalSection(SolutionConfigurationPlatforms) = preSolution
		Debug|iPhoneSimulator = Debug|iPhoneSimulator
		Release|iPhone = Release|iPhone
		Release|iPhoneSimulator = Release|iPhoneSimulator
		Debug|iPhone = Debug|iPhone
		Debug|Any CPU = Debug|Any CPU
		Release|Any CPU = Release|Any CPU
	EndGlobalSection
	GlobalSection(ProjectConfigurationPlatforms) = postSolution
		{A3053AD5-903A-4389-A10E-7F2899BB9B24}.Debug|Any CPU.ActiveCfg = Debug|Any CPU
		{A3053AD5-903A-4389-A10E-7F2899BB9B24}.Debug|Any CPU.Build.0 = Debug|Any CPU
		{A3053AD5-903A-4389-A10E-7F2899BB9B24}.Debug|iPhone.ActiveCfg = Debug|Any CPU
		{A3053AD5-903A-4389-A10E-7F2899BB9B24}.Debug|iPhone.Build.0 = Debug|Any CPU
		{A3053AD5-903A-4389-A10E-7F2899BB9B24}.Debug|iPhoneSimulator.ActiveCfg = Debug|Any CPU
		{A3053AD5-903A-4389-A10E-7F2899BB9B24}.Debug|iPhoneSimulator.Build.0 = Debug|Any CPU
		{A3053AD5-903A-4389-A10E-7F2899BB9B24}.Release|Any CPU.ActiveCfg = Release|Any CPU
		{A3053AD5-903A-4389-A10E-7F2899BB9B24}.Release|Any CPU.Build.0 = Release|Any CPU
		{A3053AD5-903A-4389-A10E-7F2899BB9B24}.Release|iPhone.ActiveCfg = Release|Any CPU
		{A3053AD5-903A-4389-A10E-7F2899BB9B24}.Release|iPhone.Build.0 = Release|Any CPU
		{A3053AD5-903A-4389-A10E-7F2899BB9B24}.Release|iPhoneSimulator.ActiveCfg = Release|Any CPU
		{A3053AD5-903A-4389-A10E-7F2899BB9B24}.Release|iPhoneSimulator.Build.0 = Release|Any CPU
		{ECB1FD02-D841-45B6-A5C9-F80C5CFD5D03}.Debug|Any CPU.ActiveCfg = Debug|iPhoneSimulator
		{ECB1FD02-D841-45B6-A5C9-F80C5CFD5D03}.Debug|Any CPU.Build.0 = Debug|iPhoneSimulator
		{ECB1FD02-D841-45B6-A5C9-F80C5CFD5D03}.Debug|iPhone.ActiveCfg = Debug|iPhone
		{ECB1FD02-D841-45B6-A5C9-F80C5CFD5D03}.Debug|iPhone.Build.0 = Debug|iPhone
		{ECB1FD02-D841-45B6-A5C9-F80C5CFD5D03}.Debug|iPhoneSimulator.ActiveCfg = Debug|iPhoneSimulator
		{ECB1FD02-D841-45B6-A5C9-F80C5CFD5D03}.Debug|iPhoneSimulator.Build.0 = Debug|iPhoneSimulator
		{ECB1FD02-D841-45B6-A5C9-F80C5CFD5D03}.Release|Any CPU.ActiveCfg = Release|iPhone
		{ECB1FD02-D841-45B6-A5C9-F80C5CFD5D03}.Release|Any CPU.Build.0 = Release|iPhone
		{ECB1FD02-D841-45B6-A5C9-F80C5CFD5D03}.Release|iPhone.ActiveCfg = Release|iPhone
		{ECB1FD02-D841-45B6-A5C9-F80C5CFD5D03}.Release|iPhone.Build.0 = Release|iPhone
		{ECB1FD02-D841-45B6-A5C9-F80C5CFD5D03}.Release|iPhoneSimulator.ActiveCfg = Release|iPhoneSimulator
		{ECB1FD02-D841-45B6-A5C9-F80C5CFD5D03}.Release|iPhoneSimulator.Build.0 = Release|iPhoneSimulator
	EndGlobalSection
EndGlobal
